
Microsoft Visual Studio Solution File, Format Version 12.00
# Visual Studio Version 16
VisualStudioVersion = 16.0.29209.62
MinimumVisualStudioVersion = 10.0.40219.1
Project("{FAE04EC0-301F-11D3-BF4B-00C04F79EFBC}") = "Day 01 20220124 Morning Assignments", "Day 01 20220124 Morning Assignments\Day 01 20220124 Morning Assignments.csproj", "{908F5E71-5023-4F68-A83E-76B075AA140C}"
EndProject
Global
	GlobalSection(SolutionConfigurationPlatforms) = preSolution
		Debug|Any CPU = Debug|Any CPU
		Release|Any CPU = Release|Any CPU
	EndGlobalSection
	GlobalSection(ProjectConfigurationPlatforms) = postSolution
		{908F5E71-5023-4F68-A83E-76B075AA140C}.Debug|Any CPU.ActiveCfg = Debug|Any CPU
		{908F5E71-5023-4F68-A83E-76B075AA140C}.Debug|Any CPU.Build.0 = Debug|Any CPU
		{908F5E71-5023-4F68-A83E-76B075AA140C}.Release|Any CPU.ActiveCfg = Release|Any CPU
		{908F5E71-5023-4F68-A83E-76B075AA140C}.Release|Any CPU.Build.0 = Release|Any CPU
	EndGlobalSection
	GlobalSection(SolutionProperties) = preSolution
		HideSolutionNode = FALSE
	EndGlobalSection
	GlobalSection(ExtensibilityGlobals) = postSolution
		SolutionGuid = {BBC15546-3BAA-472D-B278-5C649AD7335A}
	EndGlobalSection
EndGlobal
